
Microsoft Visual Studio Solution File, Format Version 12.00
# Visual Studio Version 16
VisualStudioVersion = 16.0.30717.126
MinimumVisualStudioVersion = 10.0.40219.1
Project("{9A19103F-16F7-4668-BE54-9A1E7A4F7556}") = "Fenester.Lib.Graphical", "Fenester.Lib.Graphical\Fenester.Lib.Graphical.csproj", "{EC15D6E9-524E-4CEF-9175-8A2FA0B5108D}"
EndProject
Project("{9A19103F-16F7-4668-BE54-9A1E7A4F7556}") = "Fenester.Lib.Core", "Fenester.Lib.Core\Fenester.Lib.Core.csproj", "{1A073DC6-CAD8-4077-A780-394420AB1737}"
EndProject
Project("{FAE04EC0-301F-11D3-BF4B-00C04F79EFBC}") = "Fenester.Lib.Win", "Fenester.Lib.Win\Fenester.Lib.Win.csproj", "{AB455A7B-34E3-49B2-B945-F522D94FDEBE}"
EndProject
Project("{9A19103F-16F7-4668-BE54-9A1E7A4F7556}") = "Fenester.Lib.Business", "Fenester.Lib.Business\Fenester.Lib.Business.csproj", "{075D6D91-DB27-430C-BFA3-EFFAFD6A28F9}"
EndProject
Project("{FAE04EC0-301F-11D3-BF4B-00C04F79EFBC}") = "Fenester.Lib.Win.Test", "Fenester.Lib.Win.Test\Fenester.Lib.Win.Test.csproj", "{25BE9387-E497-4E26-9A42-44F1740B3B3C}"
EndProject
Project("{FAE04EC0-301F-11D3-BF4B-00C04F79EFBC}") = "Fenester.Test.Tools.Win", "Fenester.Test.Tools.Win\Fenester.Test.Tools.Win.csproj", "{6E32754B-2501-47A1-B0D3-01044A7194EA}"
EndProject
Project("{FAE04EC0-301F-11D3-BF4B-00C04F79EFBC}") = "Fenester.Test.Application", "Fenester.Test.Application\Fenester.Test.Application.csproj", "{D3E8E275-1CF1-44BD-A30F-456E6BD4B26B}"
EndProject
Project("{FAE04EC0-301F-11D3-BF4B-00C04F79EFBC}") = "Fenester.Lib.Graphical.Test", "Fenester.Lib.Graphical.Test\Fenester.Lib.Graphical.Test.csproj", "{F950E400-EFD1-455E-B6FE-9EDEDABEE329}"
EndProject
Project("{FAE04EC0-301F-11D3-BF4B-00C04F79EFBC}") = "Fenester.Exe.Test", "Fenester.Exe.Test\Fenester.Exe.Test.csproj", "{A3933001-65A1-4E6D-B9E6-90E751524C32}"
EndProject
Project("{9A19103F-16F7-4668-BE54-9A1E7A4F7556}") = "Fenester.Test.Mock", "Fenester.Test.Mock\Fenester.Test.Mock.csproj", "{FFE3C49C-F5E9-45F8-B95A-E74D536F8B40}"
EndProject
Project("{FAE04EC0-301F-11D3-BF4B-00C04F79EFBC}") = "Fenester.Exe.InteractiveTest", "Fenester.Exe.InteractiveTest\Fenester.Exe.InteractiveTest.csproj", "{30FEA336-D3CB-497F-92FA-B900AF550FDC}"
EndProject
Project("{9A19103F-16F7-4668-BE54-9A1E7A4F7556}") = "Fenester.Test.Tools.Lib", "Fenester.Test.Tools.Lib\Fenester.Test.Tools.Lib.csproj", "{815F88B9-2D67-4DC3-8A4C-7EBAE5581DA3}"
EndProject
Global
	GlobalSection(SolutionConfigurationPlatforms) = preSolution
		Debug|Any CPU = Debug|Any CPU
		Release|Any CPU = Release|Any CPU
	EndGlobalSection
	GlobalSection(ProjectConfigurationPlatforms) = postSolution
		{EC15D6E9-524E-4CEF-9175-8A2FA0B5108D}.Debug|Any CPU.ActiveCfg = Debug|Any CPU
		{EC15D6E9-524E-4CEF-9175-8A2FA0B5108D}.Debug|Any CPU.Build.0 = Debug|Any CPU
		{EC15D6E9-524E-4CEF-9175-8A2FA0B5108D}.Release|Any CPU.ActiveCfg = Release|Any CPU
		{EC15D6E9-524E-4CEF-9175-8A2FA0B5108D}.Release|Any CPU.Build.0 = Release|Any CPU
		{1A073DC6-CAD8-4077-A780-394420AB1737}.Debug|Any CPU.ActiveCfg = Debug|Any CPU
		{1A073DC6-CAD8-4077-A780-394420AB1737}.Debug|Any CPU.Build.0 = Debug|Any CPU
		{1A073DC6-CAD8-4077-A780-394420AB1737}.Release|Any CPU.ActiveCfg = Release|Any CPU
		{1A073DC6-CAD8-4077-A780-394420AB1737}.Release|Any CPU.Build.0 = Release|Any CPU
		{AB455A7B-34E3-49B2-B945-F522D94FDEBE}.Debug|Any CPU.ActiveCfg = Debug|Any CPU
		{AB455A7B-34E3-49B2-B945-F522D94FDEBE}.Debug|Any CPU.Build.0 = Debug|Any CPU
		{AB455A7B-34E3-49B2-B945-F522D94FDEBE}.Release|Any CPU.ActiveCfg = Release|Any CPU
		{AB455A7B-34E3-49B2-B945-F522D94FDEBE}.Release|Any CPU.Build.0 = Release|Any CPU
		{075D6D91-DB27-430C-BFA3-EFFAFD6A28F9}.Debug|Any CPU.ActiveCfg = Debug|Any CPU
		{075D6D91-DB27-430C-BFA3-EFFAFD6A28F9}.Debug|Any CPU.Build.0 = Debug|Any CPU
		{075D6D91-DB27-430C-BFA3-EFFAFD6A28F9}.Release|Any CPU.ActiveCfg = Release|Any CPU
		{075D6D91-DB27-430C-BFA3-EFFAFD6A28F9}.Release|Any CPU.Build.0 = Release|Any CPU
		{25BE9387-E497-4E26-9A42-44F1740B3B3C}.Debug|Any CPU.ActiveCfg = Debug|Any CPU
		{25BE9387-E497-4E26-9A42-44F1740B3B3C}.Debug|Any CPU.Build.0 = Debug|Any CPU
		{25BE9387-E497-4E26-9A42-44F1740B3B3C}.Release|Any CPU.ActiveCfg = Release|Any CPU
		{25BE9387-E497-4E26-9A42-44F1740B3B3C}.Release|Any CPU.Build.0 = Release|Any CPU
		{6E32754B-2501-47A1-B0D3-01044A7194EA}.Debug|Any CPU.ActiveCfg = Debug|Any CPU
		{6E32754B-2501-47A1-B0D3-01044A7194EA}.Debug|Any CPU.Build.0 = Debug|Any CPU
		{6E32754B-2501-47A1-B0D3-01044A7194EA}.Release|Any CPU.ActiveCfg = Release|Any CPU
		{6E32754B-2501-47A1-B0D3-01044A7194EA}.Release|Any CPU.Build.0 = Release|Any CPU
		{D3E8E275-1CF1-44BD-A30F-456E6BD4B26B}.Debug|Any CPU.ActiveCfg = Debug|Any CPU
		{D3E8E275-1CF1-44BD-A30F-456E6BD4B26B}.Debug|Any CPU.Build.0 = Debug|Any CPU
		{D3E8E275-1CF1-44BD-A30F-456E6BD4B26B}.Release|Any CPU.ActiveCfg = Release|Any CPU
		{D3E8E275-1CF1-44BD-A30F-456E6BD4B26B}.Release|Any CPU.Build.0 = Release|Any CPU
		{F950E400-EFD1-455E-B6FE-9EDEDABEE329}.Debug|Any CPU.ActiveCfg = Debug|Any CPU
		{F950E400-EFD1-455E-B6FE-9EDEDABEE329}.Debug|Any CPU.Build.0 = Debug|Any CPU
		{F950E400-EFD1-455E-B6FE-9EDEDABEE329}.Release|Any CPU.ActiveCfg = Release|Any CPU
		{F950E400-EFD1-455E-B6FE-9EDEDABEE329}.Release|Any CPU.Build.0 = Release|Any CPU
		{A3933001-65A1-4E6D-B9E6-90E751524C32}.Debug|Any CPU.ActiveCfg = Debug|Any CPU
		{A3933001-65A1-4E6D-B9E6-90E751524C32}.Debug|Any CPU.Build.0 = Debug|Any CPU
		{A3933001-65A1-4E6D-B9E6-90E751524C32}.Release|Any CPU.ActiveCfg = Release|Any CPU
		{A3933001-65A1-4E6D-B9E6-90E751524C32}.Release|Any CPU.Build.0 = Release|Any CPU
		{FFE3C49C-F5E9-45F8-B95A-E74D536F8B40}.Debug|Any CPU.ActiveCfg = Debug|Any CPU
		{FFE3C49C-F5E9-45F8-B95A-E74D536F8B40}.Debug|Any CPU.Build.0 = Debug|Any CPU
		{FFE3C49C-F5E9-45F8-B95A-E74D536F8B40}.Release|Any CPU.ActiveCfg = Release|Any CPU
		{FFE3C49C-F5E9-45F8-B95A-E74D536F8B40}.Release|Any CPU.Build.0 = Release|Any CPU
		{30FEA336-D3CB-497F-92FA-B900AF550FDC}.Debug|Any CPU.ActiveCfg = Debug|Any CPU
		{30FEA336-D3CB-497F-92FA-B900AF550FDC}.Debug|Any CPU.Build.0 = Debug|Any CPU
		{30FEA336-D3CB-497F-92FA-B900AF550FDC}.Release|Any CPU.ActiveCfg = Release|Any CPU
		{30FEA336-D3CB-497F-92FA-B900AF550FDC}.Release|Any CPU.Build.0 = Release|Any CPU
		{815F88B9-2D67-4DC3-8A4C-7EBAE5581DA3}.Debug|Any CPU.ActiveCfg = Debug|Any CPU
		{815F88B9-2D67-4DC3-8A4C-7EBAE5581DA3}.Debug|Any CPU.Build.0 = Debug|Any CPU
		{815F88B9-2D67-4DC3-8A4C-7EBAE5581DA3}.Release|Any CPU.ActiveCfg = Release|Any CPU
		{815F88B9-2D67-4DC3-8A4C-7EBAE5581DA3}.Release|Any CPU.Build.0 = Release|Any CPU
	EndGlobalSection
	GlobalSection(SolutionProperties) = preSolution
		HideSolutionNode = FALSE
	EndGlobalSection
	GlobalSection(ExtensibilityGlobals) = postSolution
		SolutionGuid = {A8662439-3B8F-44E6-8E41-C9D7206E53BE}
	EndGlobalSection
EndGlobal
